
Microsoft Visual Studio Solution File, Format Version 12.00
# Visual Studio Version 17
VisualStudioVersion = 17.14.36518.9
MinimumVisualStudioVersion = 10.0.40219.1
Project("{FAE04EC0-301F-11D3-BF4B-00C04F79EFBC}") = "Itereta", "src\Itereta.csproj", "{C28D8953-8053-C9A2-619B-DC8764AE655B}"
EndProject
Global
	GlobalSection(SolutionConfigurationPlatforms) = preSolution
		Debug|Any CPU = Debug|Any CPU
		Release|Any CPU = Release|Any CPU
	EndGlobalSection
	GlobalSection(ProjectConfigurationPlatforms) = postSolution
		{C28D8953-8053-C9A2-619B-DC8764AE655B}.Debug|Any CPU.ActiveCfg = Debug|Any CPU
		{C28D8953-8053-C9A2-619B-DC8764AE655B}.Debug|Any CPU.Build.0 = Debug|Any CPU
		{C28D8953-8053-C9A2-619B-DC8764AE655B}.Release|Any CPU.ActiveCfg = Release|Any CPU
		{C28D8953-8053-C9A2-619B-DC8764AE655B}.Release|Any CPU.Build.0 = Release|Any CPU
	EndGlobalSection
	GlobalSection(SolutionProperties) = preSolution
		HideSolutionNode = FALSE
	EndGlobalSection
	GlobalSection(ExtensibilityGlobals) = postSolution
		SolutionGuid = {15E0D5E6-307E-4842-8BBA-954B4B87F174}
	EndGlobalSection
EndGlobal
